
Microsoft Visual Studio Solution File, Format Version 12.00
# Visual Studio Version 16
VisualStudioVersion = 16.0.30717.126
MinimumVisualStudioVersion = 10.0.40219.1
Project("{9A19103F-16F7-4668-BE54-9A1E7A4F7556}") = "LCode.NETCore.Base.5.0", "LCode.NETCore.Base.5.0\LCode.NETCore.Base.5.0.csproj", "{3717982A-C2BC-4898-90D0-E86E38FAC910}"
EndProject
Global
	GlobalSection(SolutionConfigurationPlatforms) = preSolution
		Debug|Any CPU = Debug|Any CPU
		Release|Any CPU = Release|Any CPU
	EndGlobalSection
	GlobalSection(ProjectConfigurationPlatforms) = postSolution
		{3717982A-C2BC-4898-90D0-E86E38FAC910}.Debug|Any CPU.ActiveCfg = Debug|Any CPU
		{3717982A-C2BC-4898-90D0-E86E38FAC910}.Debug|Any CPU.Build.0 = Debug|Any CPU
		{3717982A-C2BC-4898-90D0-E86E38FAC910}.Release|Any CPU.ActiveCfg = Release|Any CPU
		{3717982A-C2BC-4898-90D0-E86E38FAC910}.Release|Any CPU.Build.0 = Release|Any CPU
	EndGlobalSection
	GlobalSection(SolutionProperties) = preSolution
		HideSolutionNode = FALSE
	EndGlobalSection
	GlobalSection(ExtensibilityGlobals) = postSolution
		SolutionGuid = {7C319F59-826D-4BAF-B2BF-7ACF684F0B3C}
	EndGlobalSection
EndGlobal
